// !$*UTF8*$!
{
	archiveVersion = 1;
	classes = {
	};
	objectVersion = 56;
	objects = {

/* Begin PBXBuildFile section */
		F3154E602AA5CF0E0065DE72 /* AppDelegate.swift in Sources */ = {isa = PBXBuildFile; fileRef = F3154E5F2AA5CF0E0065DE72 /* AppDelegate.swift */; };
		F3154E622AA5CF0E0065DE72 /* SceneDelegate.swift in Sources */ = {isa = PBXBuildFile; fileRef = F3154E612AA5CF0E0065DE72 /* SceneDelegate.swift */; };
		F3154E642AA5CF0E0065DE72 /* ViewController.swift in Sources */ = {isa = PBXBuildFile; fileRef = F3154E632AA5CF0E0065DE72 /* ViewController.swift */; };
		F3154E672AA5CF0E0065DE72 /* Main.storyboard in Resources */ = {isa = PBXBuildFile; fileRef = F3154E652AA5CF0E0065DE72 /* Main.storyboard */; };
		F3154E692AA5CF0F0065DE72 /* Assets.xcassets in Resources */ = {isa = PBXBuildFile; fileRef = F3154E682AA5CF0F0065DE72 /* Assets.xcassets */; };
		F3154E6C2AA5CF0F0065DE72 /* LaunchScreen.storyboard in Resources */ = {isa = PBXBuildFile; fileRef = F3154E6A2AA5CF0F0065DE72 /* LaunchScreen.storyboard */; };
		F3154E772AA5CF100065DE72 /* RandomPhotoTests.swift in Sources */ = {isa = PBXBuildFile; fileRef = F3154E762AA5CF100065DE72 /* RandomPhotoTests.swift */; };
		F3154E812AA5CF100065DE72 /* RandomPhotoUITests.swift in Sources */ = {isa = PBXBuildFile; fileRef = F3154E802AA5CF100065DE72 /* RandomPhotoUITests.swift */; };
		F3154E832AA5CF100065DE72 /* RandomPhotoUITestsLaunchTests.swift in Sources */ = {isa = PBXBuildFile; fileRef = F3154E822AA5CF100065DE72 /* RandomPhotoUITestsLaunchTests.swift */; };
		F39D850B2AA604FE0083F300 /* util.swift in Sources */ = {isa = PBXBuildFile; fileRef = F39D850A2AA604FE0083F300 /* util.swift */; };
/* End PBXBuildFile section */

/* Begin PBXContainerItemProxy section */
		F3154E732AA5CF100065DE72 /* PBXContainerItemProxy */ = {
			isa = PBXContainerItemProxy;
			containerPortal = F3154E542AA5CF0E0065DE72 /* Project object */;
			proxyType = 1;
			remoteGlobalIDString = F3154E5B2AA5CF0E0065DE72;
			remoteInfo = RandomPhoto;
		};
		F3154E7D2AA5CF100065DE72 /* PBXContainerItemProxy */ = {
			isa = PBXContainerItemProxy;
			containerPortal = F3154E542AA5CF0E0065DE72 /* Project object */;
			proxyType = 1;
			remoteGlobalIDString = F3154E5B2AA5CF0E0065DE72;
			remoteInfo = RandomPhoto;
		};
/* End PBXContainerItemProxy section */

/* Begin PBXFileReference section */
		F3154E5C2AA5CF0E0065DE72 /* RandomPhoto.app */ = {isa = PBXFileReference; explicitFileType = wrapper.application; includeInIndex = 0; path = RandomPhoto.app; sourceTree = BUILT_PRODUCTS_DIR; };
		F3154E5F2AA5CF0E0065DE72 /* AppDelegate.swift */ = {isa = PBXFileReference; lastKnownFileType = sourcecode.swift; path = AppDelegate.swift; sourceTree = "<group>"; };
		F3154E612AA5CF0E0065DE72 /* SceneDelegate.swift */ = {isa = PBXFileReference; lastKnownFileType = sourcecode.swift; path = SceneDelegate.swift; sourceTree = "<group>"; };
		F3154E632AA5CF0E0065DE72 /* ViewController.swift */ = {isa = PBXFileReference; lastKnownFileType = sourcecode.swift; path = ViewController.swift; sourceTree = "<group>"; };
		F3154E662AA5CF0E0065DE72 /* Base */ = {isa = PBXFileReference; lastKnownFileType = file.storyboard; name = Base; path = Base.lproj/Main.storyboard; sourceTree = "<group>"; };
		F3154E682AA5CF0F0065DE72 /* Assets.xcassets */ = {isa = PBXFileReference; lastKnownFileType = folder.assetcatalog; path = Assets.xcassets; sourceTree = "<group>"; };
		F3154E6B2AA5CF0F0065DE72 /* Base */ = {isa = PBXFileReference; lastKnownFileType = file.storyboard; name = Base; path = Base.lproj/LaunchScreen.storyboard; sourceTree = "<group>"; };
		F3154E6D2AA5CF0F0065DE72 /* Info.plist */ = {isa = PBXFileReference; lastKnownFileType = text.plist.xml; path = Info.plist; sourceTree = "<group>"; };
		F3154E722AA5CF100065DE72 /* RandomPhotoTests.xctest */ = {isa = PBXFileReference; explicitFileType = wrapper.cfbundle; includeInIndex = 0; path = RandomPhotoTests.xctest; sourceTree = BUILT_PRODUCTS_DIR; };
		F3154E762AA5CF100065DE72 /* RandomPhotoTests.swift */ = {isa = PBXFileReference; lastKnownFileType = sourcecode.swift; path = RandomPhotoTests.swift; sourceTree = "<group>"; };
		F3154E7C2AA5CF100065DE72 /* RandomPhotoUITests.xctest */ = {isa = PBXFileReference; explicitFileType = wrapper.cfbundle; includeInIndex = 0; path = RandomPhotoUITests.xctest; sourceTree = BUILT_PRODUCTS_DIR; };
		F3154E802AA5CF100065DE72 /* RandomPhotoUITests.swift */ = {isa = PBXFileReference; lastKnownFileType = sourcecode.swift; path = RandomPhotoUITests.swift; sourceTree = "<group>"; };
		F3154E822AA5CF100065DE72 /* RandomPhotoUITestsLaunchTests.swift */ = {isa = PBXFileReference; lastKnownFileType = sourcecode.swift; path = RandomPhotoUITestsLaunchTests.swift; sourceTree = "<group>"; };
		F39D850A2AA604FE0083F300 /* util.swift */ = {isa = PBXFileReference; lastKnownFileType = sourcecode.swift; path = util.swift; sourceTree = "<group>"; };
/* End PBXFileReference section */

/* Begin PBXFrameworksBuildPhase section */
		F3154E592AA5CF0E0065DE72 /* Frameworks */ = {
			isa = PBXFrameworksBuildPhase;
			buildActionMask = 2147483647;
			files = (
			);
			runOnlyForDeploymentPostprocessing = 0;
		};
		F3154E6F2AA5CF100065DE72 /* Frameworks */ = {
			isa = PBXFrameworksBuildPhase;
			buildActionMask = 2147483647;
			files = (
			);
			runOnlyForDeploymentPostprocessing = 0;
		};
		F3154E792AA5CF100065DE72 /* Frameworks */ = {
			isa = PBXFrameworksBuildPhase;
			buildActionMask = 2147483647;
			files = (
			);
			runOnlyForDeploymentPostprocessing = 0;
		};
/* End PBXFrameworksBuildPhase section */

/* Begin PBXGroup section */
		F3154E532AA5CF0E0065DE72 = {
			isa = PBXGroup;
			children = (
				F39D850A2AA604FE0083F300 /* util.swift */,
				F3154E5E2AA5CF0E0065DE72 /* RandomPhoto */,
				F3154E752AA5CF100065DE72 /* RandomPhotoTests */,
				F3154E7F2AA5CF100065DE72 /* RandomPhotoUITests */,
				F3154E5D2AA5CF0E0065DE72 /* Products */,
			);
			sourceTree = "<group>";
		};
		F3154E5D2AA5CF0E0065DE72 /* Products */ = {
			isa = PBXGroup;
			children = (
				F3154E5C2AA5CF0E0065DE72 /* RandomPhoto.app */,
				F3154E722AA5CF100065DE72 /* RandomPhotoTests.xctest */,
				F3154E7C2AA5CF100065DE72 /* RandomPhotoUITests.xctest */,
			);
			name = Products;
			sourceTree = "<group>";
		};
		F3154E5E2AA5CF0E0065DE72 /* RandomPhoto */ = {
			isa = PBXGroup;
			children = (
				F3154E5F2AA5CF0E0065DE72 /* AppDelegate.swift */,
				F3154E612AA5CF0E0065DE72 /* SceneDelegate.swift */,
				F3154E632AA5CF0E0065DE72 /* ViewController.swift */,
				F3154E652AA5CF0E0065DE72 /* Main.storyboard */,
				F3154E682AA5CF0F0065DE72 /* Assets.xcassets */,
				F3154E6A2AA5CF0F0065DE72 /* LaunchScreen.storyboard */,
				F3154E6D2AA5CF0F0065DE72 /* Info.plist */,
			);
			path = RandomPhoto;
			sourceTree = "<group>";
		};
		F3154E752AA5CF100065DE72 /* RandomPhotoTests */ = {
			isa = PBXGroup;
			children = (
				F3154E762AA5CF100065DE72 /* RandomPhotoTests.swift */,
			);
			path = RandomPhotoTests;
			sourceTree = "<group>";
		};
		F3154E7F2AA5CF100065DE72 /* RandomPhotoUITests */ = {
			isa = PBXGroup;
			children = (
				F3154E802AA5CF100065DE72 /* RandomPhotoUITests.swift */,
				F3154E822AA5CF100065DE72 /* RandomPhotoUITestsLaunchTests.swift */,
			);
			path = RandomPhotoUITests;
			sourceTree = "<group>";
		};
/* End PBXGroup section */

/* Begin PBXNativeTarget section */
		F3154E5B2AA5CF0E0065DE72 /* RandomPhoto */ = {
			isa = PBXNativeTarget;
			buildConfigurationList = F3154E862AA5CF100065DE72 /* Build configuration list for PBXNativeTarget "RandomPhoto" */;
			buildPhases = (
				F3154E582AA5CF0E0065DE72 /* Sources */,
				F3154E592AA5CF0E0065DE72 /* Frameworks */,
				F3154E5A2AA5CF0E0065DE72 /* Resources */,
			);
			buildRules = (
			);
			dependencies = (
			);
			name = RandomPhoto;
			productName = RandomPhoto;
			productReference = F3154E5C2AA5CF0E0065DE72 /* RandomPhoto.app */;
			productType = "com.apple.product-type.application";
		};
		F3154E712AA5CF100065DE72 /* RandomPhotoTests */ = {
			isa = PBXNativeTarget;
			buildConfigurationList = F3154E892AA5CF100065DE72 /* Build configuration list for PBXNativeTarget "RandomPhotoTests" */;
			buildPhases = (
				F3154E6E2AA5CF100065DE72 /* Sources */,
				F3154E6F2AA5CF100065DE72 /* Frameworks */,
				F3154E702AA5CF100065DE72 /* Resources */,
			);
			buildRules = (
			);
			dependencies = (
				F3154E742AA5CF100065DE72 /* PBXTargetDependency */,
			);
			name = RandomPhotoTests;
			productName = RandomPhotoTests;
			productReference = F3154E722AA5CF100065DE72 /* RandomPhotoTests.xctest */;
			productType = "com.apple.product-type.bundle.unit-test";
		};
		F3154E7B2AA5CF100065DE72 /* RandomPhotoUITests */ = {
			isa = PBXNativeTarget;
			buildConfigurationList = F3154E8C2AA5CF100065DE72 /* Build configuration list for PBXNativeTarget "RandomPhotoUITests" */;
			buildPhases = (
				F3154E782AA5CF100065DE72 /* Sources */,
				F3154E792AA5CF100065DE72 /* Frameworks */,
				F3154E7A2AA5CF100065DE72 /* Resources */,
			);
			buildRules = (
			);
			dependencies = (
				F3154E7E2AA5CF100065DE72 /* PBXTargetDependency */,
			);
			name = RandomPhotoUITests;
			productName = RandomPhotoUITests;
			productReference = F3154E7C2AA5CF100065DE72 /* RandomPhotoUITests.xctest */;
			productType = "com.apple.product-type.bundle.ui-testing";
		};
/* End PBXNativeTarget section */

/* Begin PBXProject section */
		F3154E542AA5CF0E0065DE72 /* Project object */ = {
			isa = PBXProject;
			attributes = {
				BuildIndependentTargetsInParallel = 1;
				LastSwiftUpdateCheck = 1400;
				LastUpgradeCheck = 1400;
				TargetAttributes = {
					F3154E5B2AA5CF0E0065DE72 = {
						CreatedOnToolsVersion = 14.0.1;
					};
					F3154E712AA5CF100065DE72 = {
						CreatedOnToolsVersion = 14.0.1;
						TestTargetID = F3154E5B2AA5CF0E0065DE72;
					};
					F3154E7B2AA5CF100065DE72 = {
						CreatedOnToolsVersion = 14.0.1;
						TestTargetID = F3154E5B2AA5CF0E0065DE72;
					};
				};
			};
			buildConfigurationList = F3154E572AA5CF0E0065DE72 /* Build configuration list for PBXProject "RandomPhoto" */;
			compatibilityVersion = "Xcode 14.0";
			developmentRegion = en;
			hasScannedForEncodings = 0;
			knownRegions = (
				en,
				Base,
			);
			mainGroup = F3154E532AA5CF0E0065DE72;
			productRefGroup = F3154E5D2AA5CF0E0065DE72 /* Products */;
			projectDirPath = "";
			projectRoot = "";
			targets = (
				F3154E5B2AA5CF0E0065DE72 /* RandomPhoto */,
				F3154E712AA5CF100065DE72 /* RandomPhotoTests */,
				F3154E7B2AA5CF100065DE72 /* RandomPhotoUITests */,
			);
		};
/* End PBXProject section */

/* Begin PBXResourcesBuildPhase section */
		F3154E5A2AA5CF0E0065DE72 /* Resources */ = {
			isa = PBXResourcesBuildPhase;
			buildActionMask = 2147483647;
			files = (
				F3154E6C2AA5CF0F0065DE72 /* LaunchScreen.storyboard in Resources */,
				F3154E692AA5CF0F0065DE72 /* Assets.xcassets in Resources */,
				F3154E672AA5CF0E0065DE72 /* Main.storyboard in Resources */,
			);
			runOnlyForDeploymentPostprocessing = 0;
		};
		F3154E702AA5CF100065DE72 /* Resources */ = {
			isa = PBXResourcesBuildPhase;
			buildActionMask = 2147483647;
			files = (
			);
			runOnlyForDeploymentPostprocessing = 0;
		};
		F3154E7A2AA5CF100065DE72 /* Resources */ = {
			isa = PBXResourcesBuildPhase;
			buildActionMask = 2147483647;
			files = (
			);
			runOnlyForDeploymentPostprocessing = 0;
		};
/* End PBXResourcesBuildPhase section */

/* Begin PBXSourcesBuildPhase section */
		F3154E582AA5CF0E0065DE72 /* Sources */ = {
			isa = PBXSourcesBuildPhase;
			buildActionMask = 2147483647;
			files = (
				F3154E642AA5CF0E0065DE72 /* ViewController.swift in Sources */,
				F3154E602AA5CF0E0065DE72 /* AppDelegate.swift in Sources */,
				F3154E622AA5CF0E0065DE72 /* SceneDelegate.swift in Sources */,
				F39D850B2AA604FE0083F300 /* util.swift in Sources */,
			);
			runOnlyForDeploymentPostprocessing = 0;
		};
		F3154E6E2AA5CF100065DE72 /* Sources */ = {
			isa = PBXSourcesBuildPhase;
			buildActionMask = 2147483647;
			files = (
				F3154E772AA5CF100065DE72 /* RandomPhotoTests.swift in Sources */,
			);
			runOnlyForDeploymentPostprocessing = 0;
		};
		F3154E782AA5CF100065DE72 /* Sources */ = {
			isa = PBXSourcesBuildPhase;
			buildActionMask = 2147483647;
			files = (
				F3154E832AA5CF100065DE72 /* RandomPhotoUITestsLaunchTests.swift in Sources */,
				F3154E812AA5CF100065DE72 /* RandomPhotoUITests.swift in Sources */,
			);
			runOnlyForDeploymentPostprocessing = 0;
		};
/* End PBXSourcesBuildPhase section */

/* Begin PBXTargetDependency section */
		F3154E742AA5CF100065DE72 /* PBXTargetDependency */ = {
			isa = PBXTargetDependency;
			target = F3154E5B2AA5CF0E0065DE72 /* RandomPhoto */;
			targetProxy = F3154E732AA5CF100065DE72 /* PBXContainerItemProxy */;
		};
		F3154E7E2AA5CF100065DE72 /* PBXTargetDependency */ = {
			isa = PBXTargetDependency;
			target = F3154E5B2AA5CF0E0065DE72 /* RandomPhoto */;
			targetProxy = F3154E7D2AA5CF100065DE72 /* PBXContainerItemProxy */;
		};
/* End PBXTargetDependency section */

/* Begin PBXVariantGroup section */
		F3154E652AA5CF0E0065DE72 /* Main.storyboard */ = {
			isa = PBXVariantGroup;
			children = (
				F3154E662AA5CF0E0065DE72 /* Base */,
			);
			name = Main.storyboard;
			sourceTree = "<group>";
		};
		F3154E6A2AA5CF0F0065DE72 /* LaunchScreen.storyboard */ = {
			isa = PBXVariantGroup;
			children = (
				F3154E6B2AA5CF0F0065DE72 /* Base */,
			);
			name = LaunchScreen.storyboard;
			sourceTree = "<group>";
		};
/* End PBXVariantGroup section */

/* Begin XCBuildConfiguration section */
		F3154E842AA5CF100065DE72 /* Debug */ = {
			isa = XCBuildConfiguration;
			buildSettings = {
				ALWAYS_SEARCH_USER_PATHS = NO;
				CLANG_ANALYZER_NONNULL = YES;
				CLANG_ANALYZER_NUMBER_OBJECT_CONVERSION = YES_AGGRESSIVE;
				CLANG_CXX_LANGUAGE_STANDARD = "gnu++20";
				CLANG_ENABLE_MODULES = YES;
				CLANG_ENABLE_OBJC_ARC = YES;
				CLANG_ENABLE_OBJC_WEAK = YES;
				CLANG_WARN_BLOCK_CAPTURE_AUTORELEASING = YES;
				CLANG_WARN_BOOL_CONVERSION = YES;
				CLANG_WARN_COMMA = YES;
				CLANG_WARN_CONSTANT_CONVERSION = YES;
				CLANG_WARN_DEPRECATED_OBJC_IMPLEMENTATIONS = YES;
				CLANG_WARN_DIRECT_OBJC_ISA_USAGE = YES_ERROR;
				CLANG_WARN_DOCUMENTATION_COMMENTS = YES;
				CLANG_WARN_EMPTY_BODY = YES;
				CLANG_WARN_ENUM_CONVERSION = YES;
				CLANG_WARN_INFINITE_RECURSION = YES;
				CLANG_WARN_INT_CONVERSION = YES;
				CLANG_WARN_NON_LITERAL_NULL_CONVERSION = YES;
				CLANG_WARN_OBJC_IMPLICIT_RETAIN_SELF = YES;
				CLANG_WARN_OBJC_LITERAL_CONVERSION = YES;
				CLANG_WARN_OBJC_ROOT_CLASS = YES_ERROR;
				CLANG_WARN_QUOTED_INCLUDE_IN_FRAMEWORK_HEADER = YES;
				CLANG_WARN_RANGE_LOOP_ANALYSIS = YES;
				CLANG_WARN_STRICT_PROTOTYPES = YES;
				CLANG_WARN_SUSPICIOUS_MOVE = YES;
				CLANG_WARN_UNGUARDED_AVAILABILITY = YES_AGGRESSIVE;
				CLANG_WARN_UNREACHABLE_CODE = YES;
				CLANG_WARN__DUPLICATE_METHOD_MATCH = YES;
				COPY_PHASE_STRIP = NO;
				DEBUG_INFORMATION_FORMAT = dwarf;
				ENABLE_STRICT_OBJC_MSGSEND = YES;
				ENABLE_TESTABILITY = YES;
				GCC_C_LANGUAGE_STANDARD = gnu11;
				GCC_DYNAMIC_NO_PIC = NO;
				GCC_NO_COMMON_BLOCKS = YES;
				GCC_OPTIMIZATION_LEVEL = 0;
				GCC_PREPROCESSOR_DEFINITIONS = (
					"DEBUG=1",
					"$(inherited)",
				);
				GCC_WARN_64_TO_32_BIT_CONVERSION = YES;
				GCC_WARN_ABOUT_RETURN_TYPE = YES_ERROR;
				GCC_WARN_UNDECLARED_SELECTOR = YES;
				GCC_WARN_UNINITIALIZED_AUTOS = YES_AGGRESSIVE;
				GCC_WARN_UNUSED_FUNCTION = YES;
				GCC_WARN_UNUSED_VARIABLE = YES;
				IPHONEOS_DEPLOYMENT_TARGET = 16.0;
				MTL_ENABLE_DEBUG_INFO = INCLUDE_SOURCE;
				MTL_FAST_MATH = YES;
				ONLY_ACTIVE_ARCH = YES;
				SDKROOT = iphoneos;
				SWIFT_ACTIVE_COMPILATION_CONDITIONS = DEBUG;
				SWIFT_OPTIMIZATION_LEVEL = "-Onone";
			};
			name = Debug;
		};
		F3154E852AA5CF100065DE72 /* Release */ = {
			isa = XCBuildConfiguration;
			buildSettings = {
				ALWAYS_SEARCH_USER_PATHS = NO;
				CLANG_ANALYZER_NONNULL = YES;
				CLANG_ANALYZER_NUMBER_OBJECT_CONVERSION = YES_AGGRESSIVE;
				CLANG_CXX_LANGUAGE_STANDARD = "gnu++20";
				CLANG_ENABLE_MODULES = YES;
				CLANG_ENABLE_OBJC_ARC = YES;
				CLANG_ENABLE_OBJC_WEAK = YES;
				CLANG_WARN_BLOCK_CAPTURE_AUTORELEASING = YES;
				CLANG_WARN_BOOL_CONVERSION = YES;
				CLANG_WARN_COMMA = YES;
				CLANG_WARN_CONSTANT_CONVERSION = YES;
				CLANG_WARN_DEPRECATED_OBJC_IMPLEMENTATIONS = YES;
				CLANG_WARN_DIRECT_OBJC_ISA_USAGE = YES_ERROR;
				CLANG_WARN_DOCUMENTATION_COMMENTS = YES;
				CLANG_WARN_EMPTY_BODY = YES;
				CLANG_WARN_ENUM_CONVERSION = YES;
				CLANG_WARN_INFINITE_RECURSION = YES;
				CLANG_WARN_INT_CONVERSION = YES;
				CLANG_WARN_NON_LITERAL_NULL_CONVERSION = YES;
				CLANG_WARN_OBJC_IMPLICIT_RETAIN_SELF = YES;
				CLANG_WARN_OBJC_LITERAL_CONVERSION = YES;
				CLANG_WARN_OBJC_ROOT_CLASS = YES_ERROR;
				CLANG_WARN_QUOTED_INCLUDE_IN_FRAMEWORK_HEADER = YES;
				CLANG_WARN_RANGE_LOOP_ANALYSIS = YES;
				CLANG_WARN_STRICT_PROTOTYPES = YES;
				CLANG_WARN_SUSPICIOUS_MOVE = YES;
				CLANG_WARN_UNGUARDED_AVAILABILITY = YES_AGGRESSIVE;
				CLANG_WARN_UNREACHABLE_CODE = YES;
				CLANG_WARN__DUPLICATE_METHOD_MATCH = YES;
				COPY_PHASE_STRIP = NO;
				DEBUG_INFORMATION_FORMAT = "dwarf-with-dsym";
				ENABLE_NS_ASSERTIONS = NO;
				ENABLE_STRICT_OBJC_MSGSEND = YES;
				GCC_C_LANGUAGE_STANDARD = gnu11;
				GCC_NO_COMMON_BLOCKS = YES;
				GCC_WARN_64_TO_32_BIT_CONVERSION = YES;
				GCC_WARN_ABOUT_RETURN_TYPE = YES_ERROR;
				GCC_WARN_UNDECLARED_SELECTOR = YES;
				GCC_WARN_UNINITIALIZED_AUTOS = YES_AGGRESSIVE;
				GCC_WARN_UNUSED_FUNCTION = YES;
				GCC_WARN_UNUSED_VARIABLE = YES;
				IPHONEOS_DEPLOYMENT_TARGET = 16.0;
				MTL_ENABLE_DEBUG_INFO = NO;
				MTL_FAST_MATH = YES;
				SDKROOT = iphoneos;
				SWIFT_COMPILATION_MODE = wholemodule;
				SWIFT_OPTIMIZATION_LEVEL = "-O";
				VALIDATE_PRODUCT = YES;
			};
			name = Release;
		};
		F3154E872AA5CF100065DE72 /* Debug */ = {
			isa = XCBuildConfiguration;
			buildSettings = {
				ASSETCATALOG_COMPILER_APPICON_NAME = AppIcon;
				ASSETCATALOG_COMPILER_GLOBAL_ACCENT_COLOR_NAME = AccentColor;
				CODE_SIGN_STYLE = Automatic;
				CURRENT_PROJECT_VERSION = 1;
				DEVELOPMENT_TEAM = 4RC9BBT4T9;
				GENERATE_INFOPLIST_FILE = YES;
				INFOPLIST_FILE = RandomPhoto/Info.plist;
				INFOPLIST_KEY_UIApplicationSupportsIndirectInputEvents = YES;
				INFOPLIST_KEY_UILaunchStoryboardName = LaunchScreen;
				INFOPLIST_KEY_UIMainStoryboardFile = Main;
				INFOPLIST_KEY_UISupportedInterfaceOrientations_iPad = "UIInterfaceOrientationPortrait UIInterfaceOrientationPortraitUpsideDown UIInterfaceOrientationLandscapeLeft UIInterfaceOrientationLandscapeRight";
				INFOPLIST_KEY_UISupportedInterfaceOrientations_iPhone = "UIInterfaceOrientationPortrait UIInterfaceOrientationLandscapeLeft UIInterfaceOrientationLandscapeRight";
				LD_RUNPATH_SEARCH_PATHS = (
					"$(inherited)",
					"@executable_path/Frameworks",
				);
				MARKETING_VERSION = 1.0;
				PRODUCT_BUNDLE_IDENTIFIER = akeek.RandomPhoto;
				PRODUCT_NAME = "$(TARGET_NAME)";
				SWIFT_EMIT_LOC_STRINGS = YES;
				SWIFT_VERSION = 5.0;
				TARGETED_DEVICE_FAMILY = "1,2";
			};
			name = Debug;
		};
		F3154E882AA5CF100065DE72 /* Release */ = {
			isa = XCBuildConfiguration;
			buildSettings = {
				ASSETCATALOG_COMPILER_APPICON_NAME = AppIcon;
				ASSETCATALOG_COMPILER_GLOBAL_ACCENT_COLOR_NAME = AccentColor;
				CODE_SIGN_STYLE = Automatic;
				CURRENT_PROJECT_VERSION = 1;
				DEVELOPMENT_TEAM = 4RC9BBT4T9;
				GENERATE_INFOPLIST_FILE = YES;
				INFOPLIST_FILE = RandomPhoto/Info.plist;
				INFOPLIST_KEY_UIApplicationSupportsIndirectInputEvents = YES;
				INFOPLIST_KEY_UILaunchStoryboardName = LaunchScreen;
				INFOPLIST_KEY_UIMainStoryboardFile = Main;
				INFOPLIST_KEY_UISupportedInterfaceOrientations_iPad = "UIInterfaceOrientationPortrait UIInterfaceOrientationPortraitUpsideDown UIInterfaceOrientationLandscapeLeft UIInterfaceOrientationLandscapeRight";
				INFOPLIST_KEY_UISupportedInterfaceOrientations_iPhone = "UIInterfaceOrientationPortrait UIInterfaceOrientationLandscapeLeft UIInterfaceOrientationLandscapeRight";
				LD_RUNPATH_SEARCH_PATHS = (
					"$(inherited)",
					"@executable_path/Frameworks",
				);
				MARKETING_VERSION = 1.0;
				PRODUCT_BUNDLE_IDENTIFIER = akeek.RandomPhoto;
				PRODUCT_NAME = "$(TARGET_NAME)";
				SWIFT_EMIT_LOC_STRINGS = YES;
				SWIFT_VERSION = 5.0;
				TARGETED_DEVICE_FAMILY = "1,2";
			};
			name = Release;
		};
		F3154E8A2AA5CF100065DE72 /* Debug */ = {
			isa = XCBuildConfiguration;
			buildSettings = {
				ALWAYS_EMBED_SWIFT_STANDARD_LIBRARIES = YES;
				BUNDLE_LOADER = "$(TEST_HOST)";
				CODE_SIGN_STYLE = Automatic;
				CURRENT_PROJECT_VERSION = 1;
				GENERATE_INFOPLIST_FILE = YES;
				IPHONEOS_DEPLOYMENT_TARGET = 16.0;
				MARKETING_VERSION = 1.0;
				PRODUCT_BUNDLE_IDENTIFIER = akeek.RandomPhotoTests;
				PRODUCT_NAME = "$(TARGET_NAME)";
				SWIFT_EMIT_LOC_STRINGS = NO;
				SWIFT_VERSION = 5.0;
				TARGETED_DEVICE_FAMILY = "1,2";
				TEST_HOST = "$(BUILT_PRODUCTS_DIR)/RandomPhoto.app/$(BUNDLE_EXECUTABLE_FOLDER_PATH)/RandomPhoto";
			};
			name = Debug;
		};
		F3154E8B2AA5CF100065DE72 /* Release */ = {
			isa = XCBuildConfiguration;
			buildSettings = {
				ALWAYS_EMBED_SWIFT_STANDARD_LIBRARIES = YES;
				BUNDLE_LOADER = "$(TEST_HOST)";
				CODE_SIGN_STYLE = Automatic;
				CURRENT_PROJECT_VERSION = 1;
				GENERATE_INFOPLIST_FILE = YES;
				IPHONEOS_DEPLOYMENT_TARGET = 16.0;
				MARKETING_VERSION = 1.0;
				PRODUCT_BUNDLE_IDENTIFIER = akeek.RandomPhotoTests;
				PRODUCT_NAME = "$(TARGET_NAME)";
				SWIFT_EMIT_LOC_STRINGS = NO;
				SWIFT_VERSION = 5.0;
				TARGETED_DEVICE_FAMILY = "1,2";
				TEST_HOST = "$(BUILT_PRODUCTS_DIR)/RandomPhoto.app/$(BUNDLE_EXECUTABLE_FOLDER_PATH)/RandomPhoto";
			};
			name = Release;
		};
		F3154E8D2AA5CF100065DE72 /* Debug */ = {
			isa = XCBuildConfiguration;
			buildSettings = {
				ALWAYS_EMBED_SWIFT_STANDARD_LIBRARIES = YES;
				CODE_SIGN_STYLE = Automatic;
				CURRENT_PROJECT_VERSION = 1;
				GENERATE_INFOPLIST_FILE = YES;
				MARKETING_VERSION = 1.0;
				PRODUCT_BUNDLE_IDENTIFIER = akeek.RandomPhotoUITests;
				PRODUCT_NAME = "$(TARGET_NAME)";
				SWIFT_EMIT_LOC_STRINGS = NO;
				SWIFT_VERSION = 5.0;
				TARGETED_DEVICE_FAMILY = "1,2";
				TEST_TARGET_NAME = RandomPhoto;
			};
			name = Debug;
		};
		F3154E8E2AA5CF100065DE72 /* Release */ = {
			isa = XCBuildConfiguration;
			buildSettings = {
				ALWAYS_EMBED_SWIFT_STANDARD_LIBRARIES = YES;
				CODE_SIGN_STYLE = Automatic;
				CURRENT_PROJECT_VERSION = 1;
				GENERATE_INFOPLIST_FILE = YES;
				MARKETING_VERSION = 1.0;
				PRODUCT_BUNDLE_IDENTIFIER = akeek.RandomPhotoUITests;
				PRODUCT_NAME = "$(TARGET_NAME)";
				SWIFT_EMIT_LOC_STRINGS = NO;
				SWIFT_VERSION = 5.0;
				TARGETED_DEVICE_FAMILY = "1,2";
				TEST_TARGET_NAME = RandomPhoto;
			};
			name = Release;
		};
/* End XCBuildConfiguration section */

/* Begin XCConfigurationList section */
		F3154E572AA5CF0E0065DE72 /* Build configuration list for PBXProject "RandomPhoto" */ = {
			isa = XCConfigurationList;
			buildConfigurations = (
				F3154E842AA5CF100065DE72 /* Debug */,
				F3154E852AA5CF100065DE72 /* Release */,
			);
			defaultConfigurationIsVisible = 0;
			defaultConfigurationName = Release;
		};
		F3154E862AA5CF100065DE72 /* Build configuration list for PBXNativeTarget "RandomPhoto" */ = {
			isa = XCConfigurationList;
			buildConfigurations = (
				F3154E872AA5CF100065DE72 /* Debug */,
				F3154E882AA5CF100065DE72 /* Release */,
			);
			defaultConfigurationIsVisible = 0;
			defaultConfigurationName = Release;
		};
		F3154E892AA5CF100065DE72 /* Build configuration list for PBXNativeTarget "RandomPhotoTests" */ = {
			isa = XCConfigurationList;
			buildConfigurations = (
				F3154E8A2AA5CF100065DE72 /* Debug */,
				F3154E8B2AA5CF100065DE72 /* Release */,
			);
			defaultConfigurationIsVisible = 0;
			defaultConfigurationName = Release;
		};
		F3154E8C2AA5CF100065DE72 /* Build configuration list for PBXNativeTarget "RandomPhotoUITests" */ = {
			isa = XCConfigurationList;
			buildConfigurations = (
				F3154E8D2AA5CF100065DE72 /* Debug */,
				F3154E8E2AA5CF100065DE72 /* Release */,
			);
			defaultConfigurationIsVisible = 0;
			defaultConfigurationName = Release;
		};
/* End XCConfigurationList section */
	};
	rootObject = F3154E542AA5CF0E0065DE72 /* Project object */;
}
